
Microsoft Visual Studio Solution File, Format Version 12.00
# Visual Studio Version 17
VisualStudioVersion = 17.6.33815.320
MinimumVisualStudioVersion = 10.0.40219.1
Project("{FAE04EC0-301F-11D3-BF4B-00C04F79EFBC}") = "TireIMS", "TireIMS\TireIMS.csproj", "{C14F3803-0B35-432E-8CAE-3898F1C3986D}"
EndProject
Global
	GlobalSection(SolutionConfigurationPlatforms) = preSolution
		Debug|Any CPU = Debug|Any CPU
		Release|Any CPU = Release|Any CPU
	EndGlobalSection
	GlobalSection(ProjectConfigurationPlatforms) = postSolution
		{C14F3803-0B35-432E-8CAE-3898F1C3986D}.Debug|Any CPU.ActiveCfg = Debug|Any CPU
		{C14F3803-0B35-432E-8CAE-3898F1C3986D}.Debug|Any CPU.Build.0 = Debug|Any CPU
		{C14F3803-0B35-432E-8CAE-3898F1C3986D}.Release|Any CPU.ActiveCfg = Release|Any CPU
		{C14F3803-0B35-432E-8CAE-3898F1C3986D}.Release|Any CPU.Build.0 = Release|Any CPU
	EndGlobalSection
	GlobalSection(SolutionProperties) = preSolution
		HideSolutionNode = FALSE
	EndGlobalSection
	GlobalSection(ExtensibilityGlobals) = postSolution
		SolutionGuid = {EE416383-2B51-4E15-8F0C-6FF81CC88782}
	EndGlobalSection
EndGlobal
